// !$*UTF8*$!
{
	archiveVersion = 1;
	classes = {
	};
	objectVersion = 55;
	objects = {

/* Begin PBXBuildFile section */
		65647A9228AF2F8300A03E21 /* AppDelegate.swift in Sources */ = {isa = PBXBuildFile; fileRef = 65647A9128AF2F8300A03E21 /* AppDelegate.swift */; };
		65647A9428AF2F8300A03E21 /* SceneDelegate.swift in Sources */ = {isa = PBXBuildFile; fileRef = 65647A9328AF2F8300A03E21 /* SceneDelegate.swift */; };
		65647A9628AF2F8300A03E21 /* TodoListViewController.swift in Sources */ = {isa = PBXBuildFile; fileRef = 65647A9528AF2F8300A03E21 /* TodoListViewController.swift */; };
		65647A9928AF2F8300A03E21 /* Main.storyboard in Resources */ = {isa = PBXBuildFile; fileRef = 65647A9728AF2F8300A03E21 /* Main.storyboard */; };
		65647A9B28AF2F8500A03E21 /* Assets.xcassets in Resources */ = {isa = PBXBuildFile; fileRef = 65647A9A28AF2F8500A03E21 /* Assets.xcassets */; };
		65647A9E28AF2F8500A03E21 /* LaunchScreen.storyboard in Resources */ = {isa = PBXBuildFile; fileRef = 65647A9C28AF2F8500A03E21 /* LaunchScreen.storyboard */; };
		659257C528EB8D43002298BA /* SwipeTableViewController.swift in Sources */ = {isa = PBXBuildFile; fileRef = 659257C428EB8D43002298BA /* SwipeTableViewController.swift */; };
		65D9E05228C1A9C10019D0D4 /* CategoryViewController.swift in Sources */ = {isa = PBXBuildFile; fileRef = 65D9E05128C1A9C10019D0D4 /* CategoryViewController.swift */; };
		65D9E05628C80DB70019D0D4 /* Item.swift in Sources */ = {isa = PBXBuildFile; fileRef = 65D9E05528C80DB70019D0D4 /* Item.swift */; };
		65D9E05828C80DD10019D0D4 /* Category.swift in Sources */ = {isa = PBXBuildFile; fileRef = 65D9E05728C80DD10019D0D4 /* Category.swift */; };
		65FF6E5728E66641009C4F05 /* SwipeCellKit in Frameworks */ = {isa = PBXBuildFile; productRef = 65FF6E5628E66641009C4F05 /* SwipeCellKit */; };
		AB34CFDEAA752C0CE7837FB6 /* Pods_Todoey.framework in Frameworks */ = {isa = PBXBuildFile; fileRef = 1CE27FCFCE842C84A83AE7B5 /* Pods_Todoey.framework */; };
/* End PBXBuildFile section */

/* Begin PBXFileReference section */
		1CE27FCFCE842C84A83AE7B5 /* Pods_Todoey.framework */ = {isa = PBXFileReference; explicitFileType = wrapper.framework; includeInIndex = 0; path = Pods_Todoey.framework; sourceTree = BUILT_PRODUCTS_DIR; };
		65647A8E28AF2F8300A03E21 /* Todoey.app */ = {isa = PBXFileReference; explicitFileType = wrapper.application; includeInIndex = 0; path = Todoey.app; sourceTree = BUILT_PRODUCTS_DIR; };
		65647A9128AF2F8300A03E21 /* AppDelegate.swift */ = {isa = PBXFileReference; lastKnownFileType = sourcecode.swift; path = AppDelegate.swift; sourceTree = "<group>"; };
		65647A9328AF2F8300A03E21 /* SceneDelegate.swift */ = {isa = PBXFileReference; lastKnownFileType = sourcecode.swift; path = SceneDelegate.swift; sourceTree = "<group>"; };
		65647A9528AF2F8300A03E21 /* TodoListViewController.swift */ = {isa = PBXFileReference; lastKnownFileType = sourcecode.swift; path = TodoListViewController.swift; sourceTree = "<group>"; };
		65647A9828AF2F8300A03E21 /* Base */ = {isa = PBXFileReference; lastKnownFileType = file.storyboard; name = Base; path = Base.lproj/Main.storyboard; sourceTree = "<group>"; };
		65647A9A28AF2F8500A03E21 /* Assets.xcassets */ = {isa = PBXFileReference; lastKnownFileType = folder.assetcatalog; path = Assets.xcassets; sourceTree = "<group>"; };
		65647A9D28AF2F8500A03E21 /* Base */ = {isa = PBXFileReference; lastKnownFileType = file.storyboard; name = Base; path = Base.lproj/LaunchScreen.storyboard; sourceTree = "<group>"; };
		65647A9F28AF2F8500A03E21 /* Info.plist */ = {isa = PBXFileReference; lastKnownFileType = text.plist.xml; path = Info.plist; sourceTree = "<group>"; };
		659257C428EB8D43002298BA /* SwipeTableViewController.swift */ = {isa = PBXFileReference; lastKnownFileType = sourcecode.swift; path = SwipeTableViewController.swift; sourceTree = "<group>"; };
		65D9E05128C1A9C10019D0D4 /* CategoryViewController.swift */ = {isa = PBXFileReference; lastKnownFileType = sourcecode.swift; path = CategoryViewController.swift; sourceTree = "<group>"; };
		65D9E05528C80DB70019D0D4 /* Item.swift */ = {isa = PBXFileReference; lastKnownFileType = sourcecode.swift; path = Item.swift; sourceTree = "<group>"; };
		65D9E05728C80DD10019D0D4 /* Category.swift */ = {isa = PBXFileReference; lastKnownFileType = sourcecode.swift; path = Category.swift; sourceTree = "<group>"; };
		75344B48B2BD6DCA49A914C0 /* Pods-Todoey.debug.xcconfig */ = {isa = PBXFileReference; includeInIndex = 1; lastKnownFileType = text.xcconfig; name = "Pods-Todoey.debug.xcconfig"; path = "Target Support Files/Pods-Todoey/Pods-Todoey.debug.xcconfig"; sourceTree = "<group>"; };
		D9F6007F9BC978E4C3B15020 /* Pods-Todoey.release.xcconfig */ = {isa = PBXFileReference; includeInIndex = 1; lastKnownFileType = text.xcconfig; name = "Pods-Todoey.release.xcconfig"; path = "Target Support Files/Pods-Todoey/Pods-Todoey.release.xcconfig"; sourceTree = "<group>"; };
/* End PBXFileReference section */

/* Begin PBXFrameworksBuildPhase section */
		65647A8B28AF2F8300A03E21 /* Frameworks */ = {
			isa = PBXFrameworksBuildPhase;
			buildActionMask = 2147483647;
			files = (
				65FF6E5728E66641009C4F05 /* SwipeCellKit in Frameworks */,
				AB34CFDEAA752C0CE7837FB6 /* Pods_Todoey.framework in Frameworks */,
			);
			runOnlyForDeploymentPostprocessing = 0;
		};
/* End PBXFrameworksBuildPhase section */

/* Begin PBXGroup section */
		65647A8528AF2F8300A03E21 = {
			isa = PBXGroup;
			children = (
				65647A9028AF2F8300A03E21 /* Todoey */,
				65647A8F28AF2F8300A03E21 /* Products */,
				D2D923E5F82DBAC197D3004F /* Pods */,
				94E60C592DBD8E6282673A30 /* Frameworks */,
			);
			sourceTree = "<group>";
		};
		65647A8F28AF2F8300A03E21 /* Products */ = {
			isa = PBXGroup;
			children = (
				65647A8E28AF2F8300A03E21 /* Todoey.app */,
			);
			name = Products;
			sourceTree = "<group>";
		};
		65647A9028AF2F8300A03E21 /* Todoey */ = {
			isa = PBXGroup;
			children = (
				65647A9128AF2F8300A03E21 /* AppDelegate.swift */,
				65647A9328AF2F8300A03E21 /* SceneDelegate.swift */,
				65FDC36628B93CEE00A31837 /* Data Model */,
				65FDC36828B93D2C00A31837 /* Views */,
				65FDC36728B93D0800A31837 /* Controllers */,
				65FDC36928B93D4F00A31837 /* Supporting files */,
				65647A9F28AF2F8500A03E21 /* Info.plist */,
			);
			path = Todoey;
			sourceTree = "<group>";
		};
		65FDC36628B93CEE00A31837 /* Data Model */ = {
			isa = PBXGroup;
			children = (
				65D9E05728C80DD10019D0D4 /* Category.swift */,
				65D9E05528C80DB70019D0D4 /* Item.swift */,
			);
			path = "Data Model";
			sourceTree = "<group>";
		};
		65FDC36728B93D0800A31837 /* Controllers */ = {
			isa = PBXGroup;
			children = (
				65647A9528AF2F8300A03E21 /* TodoListViewController.swift */,
				65D9E05128C1A9C10019D0D4 /* CategoryViewController.swift */,
				659257C428EB8D43002298BA /* SwipeTableViewController.swift */,
			);
			path = Controllers;
			sourceTree = "<group>";
		};
		65FDC36828B93D2C00A31837 /* Views */ = {
			isa = PBXGroup;
			children = (
				65647A9728AF2F8300A03E21 /* Main.storyboard */,
			);
			path = Views;
			sourceTree = "<group>";
		};
		65FDC36928B93D4F00A31837 /* Supporting files */ = {
			isa = PBXGroup;
			children = (
				65647A9A28AF2F8500A03E21 /* Assets.xcassets */,
				65647A9C28AF2F8500A03E21 /* LaunchScreen.storyboard */,
			);
			path = "Supporting files";
			sourceTree = "<group>";
		};
		94E60C592DBD8E6282673A30 /* Frameworks */ = {
			isa = PBXGroup;
			children = (
				1CE27FCFCE842C84A83AE7B5 /* Pods_Todoey.framework */,
			);
			name = Frameworks;
			sourceTree = "<group>";
		};
		D2D923E5F82DBAC197D3004F /* Pods */ = {
			isa = PBXGroup;
			children = (
				75344B48B2BD6DCA49A914C0 /* Pods-Todoey.debug.xcconfig */,
				D9F6007F9BC978E4C3B15020 /* Pods-Todoey.release.xcconfig */,
			);
			path = Pods;
			sourceTree = "<group>";
		};
/* End PBXGroup section */

/* Begin PBXNativeTarget section */
		65647A8D28AF2F8300A03E21 /* Todoey */ = {
			isa = PBXNativeTarget;
			buildConfigurationList = 65647AA228AF2F8500A03E21 /* Build configuration list for PBXNativeTarget "Todoey" */;
			buildPhases = (
				054FC468A0EDFB7872946555 /* [CP] Check Pods Manifest.lock */,
				65647A8A28AF2F8300A03E21 /* Sources */,
				65647A8B28AF2F8300A03E21 /* Frameworks */,
				65647A8C28AF2F8300A03E21 /* Resources */,
				022C91920F83CBB68E3FD892 /* [CP] Embed Pods Frameworks */,
			);
			buildRules = (
			);
			dependencies = (
			);
			name = Todoey;
			packageProductDependencies = (
				65FF6E5628E66641009C4F05 /* SwipeCellKit */,
			);
			productName = Todoey;
			productReference = 65647A8E28AF2F8300A03E21 /* Todoey.app */;
			productType = "com.apple.product-type.application";
		};
/* End PBXNativeTarget section */

/* Begin PBXProject section */
		65647A8628AF2F8300A03E21 /* Project object */ = {
			isa = PBXProject;
			attributes = {
				BuildIndependentTargetsInParallel = 1;
				LastSwiftUpdateCheck = 1340;
				LastUpgradeCheck = 1340;
				TargetAttributes = {
					65647A8D28AF2F8300A03E21 = {
						CreatedOnToolsVersion = 13.4.1;
					};
				};
			};
			buildConfigurationList = 65647A8928AF2F8300A03E21 /* Build configuration list for PBXProject "Todoey" */;
			compatibilityVersion = "Xcode 13.0";
			developmentRegion = en;
			hasScannedForEncodings = 0;
			knownRegions = (
				en,
				Base,
			);
			mainGroup = 65647A8528AF2F8300A03E21;
			packageReferences = (
				65FF6E5528E66641009C4F05 /* XCRemoteSwiftPackageReference "SwipeCellKit" */,
			);
			productRefGroup = 65647A8F28AF2F8300A03E21 /* Products */;
			projectDirPath = "";
			projectRoot = "";
			targets = (
				65647A8D28AF2F8300A03E21 /* Todoey */,
			);
		};
/* End PBXProject section */

/* Begin PBXResourcesBuildPhase section */
		65647A8C28AF2F8300A03E21 /* Resources */ = {
			isa = PBXResourcesBuildPhase;
			buildActionMask = 2147483647;
			files = (
				65647A9E28AF2F8500A03E21 /* LaunchScreen.storyboard in Resources */,
				65647A9B28AF2F8500A03E21 /* Assets.xcassets in Resources */,
				65647A9928AF2F8300A03E21 /* Main.storyboard in Resources */,
			);
			runOnlyForDeploymentPostprocessing = 0;
		};
/* End PBXResourcesBuildPhase section */

/* Begin PBXShellScriptBuildPhase section */
		022C91920F83CBB68E3FD892 /* [CP] Embed Pods Frameworks */ = {
			isa = PBXShellScriptBuildPhase;
			buildActionMask = 2147483647;
			files = (
			);
			inputFileListPaths = (
				"${PODS_ROOT}/Target Support Files/Pods-Todoey/Pods-Todoey-frameworks-${CONFIGURATION}-input-files.xcfilelist",
			);
			name = "[CP] Embed Pods Frameworks";
			outputFileListPaths = (
				"${PODS_ROOT}/Target Support Files/Pods-Todoey/Pods-Todoey-frameworks-${CONFIGURATION}-output-files.xcfilelist",
			);
			runOnlyForDeploymentPostprocessing = 0;
			shellPath = /bin/sh;
			shellScript = "\"${PODS_ROOT}/Target Support Files/Pods-Todoey/Pods-Todoey-frameworks.sh\"\n";
			showEnvVarsInLog = 0;
		};
		054FC468A0EDFB7872946555 /* [CP] Check Pods Manifest.lock */ = {
			isa = PBXShellScriptBuildPhase;
			buildActionMask = 2147483647;
			files = (
			);
			inputFileListPaths = (
			);
			inputPaths = (
				"${PODS_PODFILE_DIR_PATH}/Podfile.lock",
				"${PODS_ROOT}/Manifest.lock",
			);
			name = "[CP] Check Pods Manifest.lock";
			outputFileListPaths = (
			);
			outputPaths = (
				"$(DERIVED_FILE_DIR)/Pods-Todoey-checkManifestLockResult.txt",
			);
			runOnlyForDeploymentPostprocessing = 0;
			shellPath = /bin/sh;
			shellScript = "diff \"${PODS_PODFILE_DIR_PATH}/Podfile.lock\" \"${PODS_ROOT}/Manifest.lock\" > /dev/null\nif [ $? != 0 ] ; then\n    # print error to STDERR\n    echo \"error: The sandbox is not in sync with the Podfile.lock. Run 'pod install' or update your CocoaPods installation.\" >&2\n    exit 1\nfi\n# This output is used by Xcode 'outputs' to avoid re-running this script phase.\necho \"SUCCESS\" > \"${SCRIPT_OUTPUT_FILE_0}\"\n";
			showEnvVarsInLog = 0;
		};
/* End PBXShellScriptBuildPhase section */

/* Begin PBXSourcesBuildPhase section */
		65647A8A28AF2F8300A03E21 /* Sources */ = {
			isa = PBXSourcesBuildPhase;
			buildActionMask = 2147483647;
			files = (
				65D9E05228C1A9C10019D0D4 /* CategoryViewController.swift in Sources */,
				65647A9628AF2F8300A03E21 /* TodoListViewController.swift in Sources */,
				65647A9228AF2F8300A03E21 /* AppDelegate.swift in Sources */,
				659257C528EB8D43002298BA /* SwipeTableViewController.swift in Sources */,
				65D9E05628C80DB70019D0D4 /* Item.swift in Sources */,
				65647A9428AF2F8300A03E21 /* SceneDelegate.swift in Sources */,
				65D9E05828C80DD10019D0D4 /* Category.swift in Sources */,
			);
			runOnlyForDeploymentPostprocessing = 0;
		};
/* End PBXSourcesBuildPhase section */

/* Begin PBXVariantGroup section */
		65647A9728AF2F8300A03E21 /* Main.storyboard */ = {
			isa = PBXVariantGroup;
			children = (
				65647A9828AF2F8300A03E21 /* Base */,
			);
			name = Main.storyboard;
			sourceTree = "<group>";
		};
		65647A9C28AF2F8500A03E21 /* LaunchScreen.storyboard */ = {
			isa = PBXVariantGroup;
			children = (
				65647A9D28AF2F8500A03E21 /* Base */,
			);
			name = LaunchScreen.storyboard;
			sourceTree = "<group>";
		};
/* End PBXVariantGroup section */

/* Begin XCBuildConfiguration section */
		65647AA028AF2F8500A03E21 /* Debug */ = {
			isa = XCBuildConfiguration;
			buildSettings = {
				ALWAYS_SEARCH_USER_PATHS = NO;
				CLANG_ANALYZER_NONNULL = YES;
				CLANG_ANALYZER_NUMBER_OBJECT_CONVERSION = YES_AGGRESSIVE;
				CLANG_CXX_LANGUAGE_STANDARD = "gnu++17";
				CLANG_ENABLE_MODULES = YES;
				CLANG_ENABLE_OBJC_ARC = YES;
				CLANG_ENABLE_OBJC_WEAK = YES;
				CLANG_WARN_BLOCK_CAPTURE_AUTORELEASING = YES;
				CLANG_WARN_BOOL_CONVERSION = YES;
				CLANG_WARN_COMMA = YES;
				CLANG_WARN_CONSTANT_CONVERSION = YES;
				CLANG_WARN_DEPRECATED_OBJC_IMPLEMENTATIONS = YES;
				CLANG_WARN_DIRECT_OBJC_ISA_USAGE = YES_ERROR;
				CLANG_WARN_DOCUMENTATION_COMMENTS = YES;
				CLANG_WARN_EMPTY_BODY = YES;
				CLANG_WARN_ENUM_CONVERSION = YES;
				CLANG_WARN_INFINITE_RECURSION = YES;
				CLANG_WARN_INT_CONVERSION = YES;
				CLANG_WARN_NON_LITERAL_NULL_CONVERSION = YES;
				CLANG_WARN_OBJC_IMPLICIT_RETAIN_SELF = YES;
				CLANG_WARN_OBJC_LITERAL_CONVERSION = YES;
				CLANG_WARN_OBJC_ROOT_CLASS = YES_ERROR;
				CLANG_WARN_QUOTED_INCLUDE_IN_FRAMEWORK_HEADER = YES;
				CLANG_WARN_RANGE_LOOP_ANALYSIS = YES;
				CLANG_WARN_STRICT_PROTOTYPES = YES;
				CLANG_WARN_SUSPICIOUS_MOVE = YES;
				CLANG_WARN_UNGUARDED_AVAILABILITY = YES_AGGRESSIVE;
				CLANG_WARN_UNREACHABLE_CODE = YES;
				CLANG_WARN__DUPLICATE_METHOD_MATCH = YES;
				COPY_PHASE_STRIP = NO;
				DEBUG_INFORMATION_FORMAT = dwarf;
				ENABLE_STRICT_OBJC_MSGSEND = YES;
				ENABLE_TESTABILITY = YES;
				GCC_C_LANGUAGE_STANDARD = gnu11;
				GCC_DYNAMIC_NO_PIC = NO;
				GCC_NO_COMMON_BLOCKS = YES;
				GCC_OPTIMIZATION_LEVEL = 0;
				GCC_PREPROCESSOR_DEFINITIONS = (
					"DEBUG=1",
					"$(inherited)",
				);
				GCC_WARN_64_TO_32_BIT_CONVERSION = YES;
				GCC_WARN_ABOUT_RETURN_TYPE = YES_ERROR;
				GCC_WARN_UNDECLARED_SELECTOR = YES;
				GCC_WARN_UNINITIALIZED_AUTOS = YES_AGGRESSIVE;
				GCC_WARN_UNUSED_FUNCTION = YES;
				GCC_WARN_UNUSED_VARIABLE = YES;
				IPHONEOS_DEPLOYMENT_TARGET = 15.5;
				MTL_ENABLE_DEBUG_INFO = INCLUDE_SOURCE;
				MTL_FAST_MATH = YES;
				ONLY_ACTIVE_ARCH = YES;
				SDKROOT = iphoneos;
				SWIFT_ACTIVE_COMPILATION_CONDITIONS = DEBUG;
				SWIFT_OPTIMIZATION_LEVEL = "-Onone";
			};
			name = Debug;
		};
		65647AA128AF2F8500A03E21 /* Release */ = {
			isa = XCBuildConfiguration;
			buildSettings = {
				ALWAYS_SEARCH_USER_PATHS = NO;
				CLANG_ANALYZER_NONNULL = YES;
				CLANG_ANALYZER_NUMBER_OBJECT_CONVERSION = YES_AGGRESSIVE;
				CLANG_CXX_LANGUAGE_STANDARD = "gnu++17";
				CLANG_ENABLE_MODULES = YES;
				CLANG_ENABLE_OBJC_ARC = YES;
				CLANG_ENABLE_OBJC_WEAK = YES;
				CLANG_WARN_BLOCK_CAPTURE_AUTORELEASING = YES;
				CLANG_WARN_BOOL_CONVERSION = YES;
				CLANG_WARN_COMMA = YES;
				CLANG_WARN_CONSTANT_CONVERSION = YES;
				CLANG_WARN_DEPRECATED_OBJC_IMPLEMENTATIONS = YES;
				CLANG_WARN_DIRECT_OBJC_ISA_USAGE = YES_ERROR;
				CLANG_WARN_DOCUMENTATION_COMMENTS = YES;
				CLANG_WARN_EMPTY_BODY = YES;
				CLANG_WARN_ENUM_CONVERSION = YES;
				CLANG_WARN_INFINITE_RECURSION = YES;
				CLANG_WARN_INT_CONVERSION = YES;
				CLANG_WARN_NON_LITERAL_NULL_CONVERSION = YES;
				CLANG_WARN_OBJC_IMPLICIT_RETAIN_SELF = YES;
				CLANG_WARN_OBJC_LITERAL_CONVERSION = YES;
				CLANG_WARN_OBJC_ROOT_CLASS = YES_ERROR;
				CLANG_WARN_QUOTED_INCLUDE_IN_FRAMEWORK_HEADER = YES;
				CLANG_WARN_RANGE_LOOP_ANALYSIS = YES;
				CLANG_WARN_STRICT_PROTOTYPES = YES;
				CLANG_WARN_SUSPICIOUS_MOVE = YES;
				CLANG_WARN_UNGUARDED_AVAILABILITY = YES_AGGRESSIVE;
				CLANG_WARN_UNREACHABLE_CODE = YES;
				CLANG_WARN__DUPLICATE_METHOD_MATCH = YES;
				COPY_PHASE_STRIP = NO;
				DEBUG_INFORMATION_FORMAT = "dwarf-with-dsym";
				ENABLE_NS_ASSERTIONS = NO;
				ENABLE_STRICT_OBJC_MSGSEND = YES;
				GCC_C_LANGUAGE_STANDARD = gnu11;
				GCC_NO_COMMON_BLOCKS = YES;
				GCC_WARN_64_TO_32_BIT_CONVERSION = YES;
				GCC_WARN_ABOUT_RETURN_TYPE = YES_ERROR;
				GCC_WARN_UNDECLARED_SELECTOR = YES;
				GCC_WARN_UNINITIALIZED_AUTOS = YES_AGGRESSIVE;
				GCC_WARN_UNUSED_FUNCTION = YES;
				GCC_WARN_UNUSED_VARIABLE = YES;
				IPHONEOS_DEPLOYMENT_TARGET = 15.5;
				MTL_ENABLE_DEBUG_INFO = NO;
				MTL_FAST_MATH = YES;
				SDKROOT = iphoneos;
				SWIFT_COMPILATION_MODE = wholemodule;
				SWIFT_OPTIMIZATION_LEVEL = "-O";
				VALIDATE_PRODUCT = YES;
			};
			name = Release;
		};
		65647AA328AF2F8500A03E21 /* Debug */ = {
			isa = XCBuildConfiguration;
			baseConfigurationReference = 75344B48B2BD6DCA49A914C0 /* Pods-Todoey.debug.xcconfig */;
			buildSettings = {
				ASSETCATALOG_COMPILER_APPICON_NAME = AppIcon;
				ASSETCATALOG_COMPILER_GLOBAL_ACCENT_COLOR_NAME = AccentColor;
				CODE_SIGN_STYLE = Automatic;
				CURRENT_PROJECT_VERSION = 1;
				GENERATE_INFOPLIST_FILE = YES;
				INFOPLIST_FILE = Todoey/Info.plist;
				INFOPLIST_KEY_UIApplicationSupportsIndirectInputEvents = YES;
				INFOPLIST_KEY_UILaunchStoryboardName = LaunchScreen;
				INFOPLIST_KEY_UIMainStoryboardFile = Main;
				INFOPLIST_KEY_UISupportedInterfaceOrientations_iPad = "UIInterfaceOrientationPortrait UIInterfaceOrientationPortraitUpsideDown UIInterfaceOrientationLandscapeLeft UIInterfaceOrientationLandscapeRight";
				INFOPLIST_KEY_UISupportedInterfaceOrientations_iPhone = "UIInterfaceOrientationPortrait UIInterfaceOrientationLandscapeLeft UIInterfaceOrientationLandscapeRight";
				LD_RUNPATH_SEARCH_PATHS = (
					"$(inherited)",
					"@executable_path/Frameworks",
				);
				MARKETING_VERSION = 1.0;
				PRODUCT_BUNDLE_IDENTIFIER = com.danielalima.Todoey;
				PRODUCT_NAME = "$(TARGET_NAME)";
				SWIFT_EMIT_LOC_STRINGS = YES;
				SWIFT_VERSION = 5.0;
				TARGETED_DEVICE_FAMILY = "1,2";
			};
			name = Debug;
		};
		65647AA428AF2F8500A03E21 /* Release */ = {
			isa = XCBuildConfiguration;
			baseConfigurationReference = D9F6007F9BC978E4C3B15020 /* Pods-Todoey.release.xcconfig */;
			buildSettings = {
				ASSETCATALOG_COMPILER_APPICON_NAME = AppIcon;
				ASSETCATALOG_COMPILER_GLOBAL_ACCENT_COLOR_NAME = AccentColor;
				CODE_SIGN_STYLE = Automatic;
				CURRENT_PROJECT_VERSION = 1;
				GENERATE_INFOPLIST_FILE = YES;
				INFOPLIST_FILE = Todoey/Info.plist;
				INFOPLIST_KEY_UIApplicationSupportsIndirectInputEvents = YES;
				INFOPLIST_KEY_UILaunchStoryboardName = LaunchScreen;
				INFOPLIST_KEY_UIMainStoryboardFile = Main;
				INFOPLIST_KEY_UISupportedInterfaceOrientations_iPad = "UIInterfaceOrientationPortrait UIInterfaceOrientationPortraitUpsideDown UIInterfaceOrientationLandscapeLeft UIInterfaceOrientationLandscapeRight";
				INFOPLIST_KEY_UISupportedInterfaceOrientations_iPhone = "UIInterfaceOrientationPortrait UIInterfaceOrientationLandscapeLeft UIInterfaceOrientationLandscapeRight";
				LD_RUNPATH_SEARCH_PATHS = (
					"$(inherited)",
					"@executable_path/Frameworks",
				);
				MARKETING_VERSION = 1.0;
				PRODUCT_BUNDLE_IDENTIFIER = com.danielalima.Todoey;
				PRODUCT_NAME = "$(TARGET_NAME)";
				SWIFT_EMIT_LOC_STRINGS = YES;
				SWIFT_VERSION = 5.0;
				TARGETED_DEVICE_FAMILY = "1,2";
			};
			name = Release;
		};
/* End XCBuildConfiguration section */

/* Begin XCConfigurationList section */
		65647A8928AF2F8300A03E21 /* Build configuration list for PBXProject "Todoey" */ = {
			isa = XCConfigurationList;
			buildConfigurations = (
				65647AA028AF2F8500A03E21 /* Debug */,
				65647AA128AF2F8500A03E21 /* Release */,
			);
			defaultConfigurationIsVisible = 0;
			defaultConfigurationName = Release;
		};
		65647AA228AF2F8500A03E21 /* Build configuration list for PBXNativeTarget "Todoey" */ = {
			isa = XCConfigurationList;
			buildConfigurations = (
				65647AA328AF2F8500A03E21 /* Debug */,
				65647AA428AF2F8500A03E21 /* Release */,
			);
			defaultConfigurationIsVisible = 0;
			defaultConfigurationName = Release;
		};
/* End XCConfigurationList section */

/* Begin XCRemoteSwiftPackageReference section */
		65FF6E5528E66641009C4F05 /* XCRemoteSwiftPackageReference "SwipeCellKit" */ = {
			isa = XCRemoteSwiftPackageReference;
			repositoryURL = "https://github.com/SwipeCellKit/SwipeCellKit";
			requirement = {
				kind = upToNextMajorVersion;
				minimumVersion = 2.0.0;
			};
		};
/* End XCRemoteSwiftPackageReference section */

/* Begin XCSwiftPackageProductDependency section */
		65FF6E5628E66641009C4F05 /* SwipeCellKit */ = {
			isa = XCSwiftPackageProductDependency;
			package = 65FF6E5528E66641009C4F05 /* XCRemoteSwiftPackageReference "SwipeCellKit" */;
			productName = SwipeCellKit;
		};
/* End XCSwiftPackageProductDependency section */
	};
	rootObject = 65647A8628AF2F8300A03E21 /* Project object */;
}
